
Microsoft Visual Studio Solution File, Format Version 12.00
# Visual Studio 15
VisualStudioVersion = 15.0.28307.572
MinimumVisualStudioVersion = 10.0.40219.1
Project("{9A19103F-16F7-4668-BE54-9A1E7A4F7556}") = "ERPManager.Core", "ERPManager.Core\ERPManager.Core.csproj", "{71AB993F-5205-4F63-98BC-555C3E9F8DF3}"
EndProject
Project("{9A19103F-16F7-4668-BE54-9A1E7A4F7556}") = "ERPManager.DataAccess", "ERPManager.Data\ERPManager.DataAccess.csproj", "{0D21D485-7002-4E5E-8B44-86BF18A350CE}"
EndProject
Project("{9A19103F-16F7-4668-BE54-9A1E7A4F7556}") = "ERPManager.Entities", "ERPManager.Entities\ERPManager.Entities.csproj", "{A486D52E-FF94-4EC2-A72A-FE0A99CD8CB8}"
EndProject
Project("{9A19103F-16F7-4668-BE54-9A1E7A4F7556}") = "ERPManager.Service", "ERPManager.Service\ERPManager.Service.csproj", "{C98CEEBC-1362-40C6-A12F-269AD2ABA31F}"
EndProject
Project("{9A19103F-16F7-4668-BE54-9A1E7A4F7556}") = "HotelManager", "HotelManager\HotelManager.csproj", "{55DCC8DC-1A77-43A5-A83C-572CE6DE2370}"
EndProject
Global
	GlobalSection(SolutionConfigurationPlatforms) = preSolution
		Debug|Any CPU = Debug|Any CPU
		Release|Any CPU = Release|Any CPU
	EndGlobalSection
	GlobalSection(ProjectConfigurationPlatforms) = postSolution
		{71AB993F-5205-4F63-98BC-555C3E9F8DF3}.Debug|Any CPU.ActiveCfg = Debug|Any CPU
		{71AB993F-5205-4F63-98BC-555C3E9F8DF3}.Debug|Any CPU.Build.0 = Debug|Any CPU
		{71AB993F-5205-4F63-98BC-555C3E9F8DF3}.Release|Any CPU.ActiveCfg = Release|Any CPU
		{71AB993F-5205-4F63-98BC-555C3E9F8DF3}.Release|Any CPU.Build.0 = Release|Any CPU
		{0D21D485-7002-4E5E-8B44-86BF18A350CE}.Debug|Any CPU.ActiveCfg = Debug|Any CPU
		{0D21D485-7002-4E5E-8B44-86BF18A350CE}.Debug|Any CPU.Build.0 = Debug|Any CPU
		{0D21D485-7002-4E5E-8B44-86BF18A350CE}.Release|Any CPU.ActiveCfg = Release|Any CPU
		{0D21D485-7002-4E5E-8B44-86BF18A350CE}.Release|Any CPU.Build.0 = Release|Any CPU
		{A486D52E-FF94-4EC2-A72A-FE0A99CD8CB8}.Debug|Any CPU.ActiveCfg = Debug|Any CPU
		{A486D52E-FF94-4EC2-A72A-FE0A99CD8CB8}.Debug|Any CPU.Build.0 = Debug|Any CPU
		{A486D52E-FF94-4EC2-A72A-FE0A99CD8CB8}.Release|Any CPU.ActiveCfg = Release|Any CPU
		{A486D52E-FF94-4EC2-A72A-FE0A99CD8CB8}.Release|Any CPU.Build.0 = Release|Any CPU
		{C98CEEBC-1362-40C6-A12F-269AD2ABA31F}.Debug|Any CPU.ActiveCfg = Debug|Any CPU
		{C98CEEBC-1362-40C6-A12F-269AD2ABA31F}.Debug|Any CPU.Build.0 = Debug|Any CPU
		{C98CEEBC-1362-40C6-A12F-269AD2ABA31F}.Release|Any CPU.ActiveCfg = Release|Any CPU
		{C98CEEBC-1362-40C6-A12F-269AD2ABA31F}.Release|Any CPU.Build.0 = Release|Any CPU
		{55DCC8DC-1A77-43A5-A83C-572CE6DE2370}.Debug|Any CPU.ActiveCfg = Debug|Any CPU
		{55DCC8DC-1A77-43A5-A83C-572CE6DE2370}.Debug|Any CPU.Build.0 = Debug|Any CPU
		{55DCC8DC-1A77-43A5-A83C-572CE6DE2370}.Release|Any CPU.ActiveCfg = Release|Any CPU
		{55DCC8DC-1A77-43A5-A83C-572CE6DE2370}.Release|Any CPU.Build.0 = Release|Any CPU
	EndGlobalSection
	GlobalSection(SolutionProperties) = preSolution
		HideSolutionNode = FALSE
	EndGlobalSection
	GlobalSection(ExtensibilityGlobals) = postSolution
		SolutionGuid = {C759CB11-119A-44F3-BE4A-DDE37CE25550}
	EndGlobalSection
EndGlobal
