
Microsoft Visual Studio Solution File, Format Version 12.00
# Visual Studio 15
VisualStudioVersion = 15.0.28307.421
MinimumVisualStudioVersion = 10.0.40219.1
Project("{9A19103F-16F7-4668-BE54-9A1E7A4F7556}") = "HotelManager.Web", "HotelManager\HotelManager.Web.csproj", "{C5360407-49D7-4129-ACDC-277A64D41867}"
EndProject
Project("{9A19103F-16F7-4668-BE54-9A1E7A4F7556}") = "ERPManager.Core", "ERPManager.Core\ERPManager.Core.csproj", "{3879BE62-0ACD-498B-9E75-0986166D9EFA}"
EndProject
Project("{9A19103F-16F7-4668-BE54-9A1E7A4F7556}") = "ERPManager.DataAccess", "ERPManager.Data\ERPManager.DataAccess.csproj", "{C9530F5E-EE98-4A2F-BE68-38971B2D655A}"
EndProject
Project("{9A19103F-16F7-4668-BE54-9A1E7A4F7556}") = "ERPManager.Entities", "ERPManager.Entities\ERPManager.Entities.csproj", "{C4D6424C-8E37-4D0A-BA5E-D9398A5E8D17}"
EndProject
Project("{9A19103F-16F7-4668-BE54-9A1E7A4F7556}") = "ERPManager.Service", "ERPManager.Service\ERPManager.Service.csproj", "{82EA3D6E-ABA3-4F12-A8AF-E35FC9F15D67}"
EndProject
Global
	GlobalSection(SolutionConfigurationPlatforms) = preSolution
		Debug|Any CPU = Debug|Any CPU
		Release|Any CPU = Release|Any CPU
	EndGlobalSection
	GlobalSection(ProjectConfigurationPlatforms) = postSolution
		{C5360407-49D7-4129-ACDC-277A64D41867}.Debug|Any CPU.ActiveCfg = Debug|Any CPU
		{C5360407-49D7-4129-ACDC-277A64D41867}.Debug|Any CPU.Build.0 = Debug|Any CPU
		{C5360407-49D7-4129-ACDC-277A64D41867}.Release|Any CPU.ActiveCfg = Release|Any CPU
		{C5360407-49D7-4129-ACDC-277A64D41867}.Release|Any CPU.Build.0 = Release|Any CPU
		{3879BE62-0ACD-498B-9E75-0986166D9EFA}.Debug|Any CPU.ActiveCfg = Debug|Any CPU
		{3879BE62-0ACD-498B-9E75-0986166D9EFA}.Debug|Any CPU.Build.0 = Debug|Any CPU
		{3879BE62-0ACD-498B-9E75-0986166D9EFA}.Release|Any CPU.ActiveCfg = Release|Any CPU
		{3879BE62-0ACD-498B-9E75-0986166D9EFA}.Release|Any CPU.Build.0 = Release|Any CPU
		{C9530F5E-EE98-4A2F-BE68-38971B2D655A}.Debug|Any CPU.ActiveCfg = Debug|Any CPU
		{C9530F5E-EE98-4A2F-BE68-38971B2D655A}.Debug|Any CPU.Build.0 = Debug|Any CPU
		{C9530F5E-EE98-4A2F-BE68-38971B2D655A}.Release|Any CPU.ActiveCfg = Release|Any CPU
		{C9530F5E-EE98-4A2F-BE68-38971B2D655A}.Release|Any CPU.Build.0 = Release|Any CPU
		{C4D6424C-8E37-4D0A-BA5E-D9398A5E8D17}.Debug|Any CPU.ActiveCfg = Debug|Any CPU
		{C4D6424C-8E37-4D0A-BA5E-D9398A5E8D17}.Debug|Any CPU.Build.0 = Debug|Any CPU
		{C4D6424C-8E37-4D0A-BA5E-D9398A5E8D17}.Release|Any CPU.ActiveCfg = Release|Any CPU
		{C4D6424C-8E37-4D0A-BA5E-D9398A5E8D17}.Release|Any CPU.Build.0 = Release|Any CPU
		{82EA3D6E-ABA3-4F12-A8AF-E35FC9F15D67}.Debug|Any CPU.ActiveCfg = Debug|Any CPU
		{82EA3D6E-ABA3-4F12-A8AF-E35FC9F15D67}.Debug|Any CPU.Build.0 = Debug|Any CPU
		{82EA3D6E-ABA3-4F12-A8AF-E35FC9F15D67}.Release|Any CPU.ActiveCfg = Release|Any CPU
		{82EA3D6E-ABA3-4F12-A8AF-E35FC9F15D67}.Release|Any CPU.Build.0 = Release|Any CPU
	EndGlobalSection
	GlobalSection(SolutionProperties) = preSolution
		HideSolutionNode = FALSE
	EndGlobalSection
	GlobalSection(ExtensibilityGlobals) = postSolution
		SolutionGuid = {8408FEA2-3A76-4973-B30F-3122F3DC46F2}
	EndGlobalSection
EndGlobal
